
Microsoft Visual Studio Solution File, Format Version 12.00
# Visual Studio Version 17
VisualStudioVersion = 17.0.31903.59
MinimumVisualStudioVersion = 10.0.40219.1
Project("{FAE04EC0-301F-11D3-BF4B-00C04F79EFBC}") = "HelloWorld", "00_HelloWorld\HelloWorld.csproj", "{B0E45453-842B-4229-BEEB-2E3027A55FCE}"
EndProject
Project("{FAE04EC0-301F-11D3-BF4B-00C04F79EFBC}") = "variables", "01_variables\variables.csproj", "{0613A985-9835-41B3-9146-15AD2461B658}"
EndProject
Project("{FAE04EC0-301F-11D3-BF4B-00C04F79EFBC}") = "BasicTypes", "02_Types\BasicTypes.csproj", "{FB38C83F-E05E-49DD-8EF8-5C790362009B}"
EndProject
Project("{FAE04EC0-301F-11D3-BF4B-00C04F79EFBC}") = "TypesChallenges", "02_Types_Challenges\TypesChallenges.csproj", "{F300C153-CA34-4010-8BDA-3331256532E3}"
EndProject
Project("{FAE04EC0-301F-11D3-BF4B-00C04F79EFBC}") = "Operators", "03_Operators\Operators.csproj", "{8EC7CA19-116C-4915-869F-A5C18CD52BE0}"
EndProject
Project("{FAE04EC0-301F-11D3-BF4B-00C04F79EFBC}") = "Strings", "04_Strings\Strings.csproj", "{06D7033C-A82F-4765-AE7E-77C88EA4E6C3}"
EndProject
Project("{FAE04EC0-301F-11D3-BF4B-00C04F79EFBC}") = "Booleans", "05_Booleans\Booleans.csproj", "{C00BB5C3-2043-4AA8-95C7-652CAC65237A}"
EndProject
Project("{2150E333-8FDC-42A3-9474-1A3956D46DE8}") = "06_Conditionals", "06_Conditionals", "{886CBFCD-2240-4992-ACE4-14DE9FE514B1}"
EndProject
Project("{FAE04EC0-301F-11D3-BF4B-00C04F79EFBC}") = "IfStatements", "06_Conditionals\IfStatements\IfStatements.csproj", "{ACA11562-CF7E-4C47-99B7-7EA8BB8DE858}"
EndProject
Project("{FAE04EC0-301F-11D3-BF4B-00C04F79EFBC}") = "Ternaries", "06_Conditionals\Ternaries\Ternaries.csproj", "{3242E383-2543-4925-9B7B-27CBBBDE9471}"
EndProject
Project("{FAE04EC0-301F-11D3-BF4B-00C04F79EFBC}") = "Switches", "06_Conditionals\Switches\Switches.csproj", "{8E50EB4F-06B4-4436-8265-BE461828FDB1}"
EndProject
Project("{2150E333-8FDC-42A3-9474-1A3956D46DE8}") = "07_Loops", "07_Loops", "{CFB558AF-A9D8-4435-BE92-3A56579E3D10}"
EndProject
Project("{FAE04EC0-301F-11D3-BF4B-00C04F79EFBC}") = "WhileLoops", "07_Loops\While\WhileLoops.csproj", "{E4CFC188-DC2E-45E4-8AB5-73D36E170C83}"
EndProject
Project("{FAE04EC0-301F-11D3-BF4B-00C04F79EFBC}") = "ForLoops", "07_Loops\For\ForLoops.csproj", "{2DBD4523-C1F5-4699-A5EE-B8CA25EAB844}"
EndProject
Project("{FAE04EC0-301F-11D3-BF4B-00C04F79EFBC}") = "ForeachLoops", "07_Loops\Foreach\ForeachLoops.csproj", "{2BF65484-23D8-490C-AC77-B32D2305DAA2}"
EndProject
Project("{FAE04EC0-301F-11D3-BF4B-00C04F79EFBC}") = "LoopsChallenges", "07_Loops_Challenges\LoopsChallenges.csproj", "{0A9FA192-7B01-4A2D-9D19-E958CCE219E7}"
EndProject
Global
	GlobalSection(SolutionConfigurationPlatforms) = preSolution
		Debug|Any CPU = Debug|Any CPU
		Release|Any CPU = Release|Any CPU
	EndGlobalSection
	GlobalSection(SolutionProperties) = preSolution
		HideSolutionNode = FALSE
	EndGlobalSection
	GlobalSection(ProjectConfigurationPlatforms) = postSolution
		{B0E45453-842B-4229-BEEB-2E3027A55FCE}.Debug|Any CPU.ActiveCfg = Debug|Any CPU
		{B0E45453-842B-4229-BEEB-2E3027A55FCE}.Debug|Any CPU.Build.0 = Debug|Any CPU
		{B0E45453-842B-4229-BEEB-2E3027A55FCE}.Release|Any CPU.ActiveCfg = Release|Any CPU
		{B0E45453-842B-4229-BEEB-2E3027A55FCE}.Release|Any CPU.Build.0 = Release|Any CPU
		{0613A985-9835-41B3-9146-15AD2461B658}.Debug|Any CPU.ActiveCfg = Debug|Any CPU
		{0613A985-9835-41B3-9146-15AD2461B658}.Debug|Any CPU.Build.0 = Debug|Any CPU
		{0613A985-9835-41B3-9146-15AD2461B658}.Release|Any CPU.ActiveCfg = Release|Any CPU
		{0613A985-9835-41B3-9146-15AD2461B658}.Release|Any CPU.Build.0 = Release|Any CPU
		{FB38C83F-E05E-49DD-8EF8-5C790362009B}.Debug|Any CPU.ActiveCfg = Debug|Any CPU
		{FB38C83F-E05E-49DD-8EF8-5C790362009B}.Debug|Any CPU.Build.0 = Debug|Any CPU
		{FB38C83F-E05E-49DD-8EF8-5C790362009B}.Release|Any CPU.ActiveCfg = Release|Any CPU
		{FB38C83F-E05E-49DD-8EF8-5C790362009B}.Release|Any CPU.Build.0 = Release|Any CPU
		{F300C153-CA34-4010-8BDA-3331256532E3}.Debug|Any CPU.ActiveCfg = Debug|Any CPU
		{F300C153-CA34-4010-8BDA-3331256532E3}.Debug|Any CPU.Build.0 = Debug|Any CPU
		{F300C153-CA34-4010-8BDA-3331256532E3}.Release|Any CPU.ActiveCfg = Release|Any CPU
		{F300C153-CA34-4010-8BDA-3331256532E3}.Release|Any CPU.Build.0 = Release|Any CPU
		{8EC7CA19-116C-4915-869F-A5C18CD52BE0}.Debug|Any CPU.ActiveCfg = Debug|Any CPU
		{8EC7CA19-116C-4915-869F-A5C18CD52BE0}.Debug|Any CPU.Build.0 = Debug|Any CPU
		{8EC7CA19-116C-4915-869F-A5C18CD52BE0}.Release|Any CPU.ActiveCfg = Release|Any CPU
		{8EC7CA19-116C-4915-869F-A5C18CD52BE0}.Release|Any CPU.Build.0 = Release|Any CPU
		{06D7033C-A82F-4765-AE7E-77C88EA4E6C3}.Debug|Any CPU.ActiveCfg = Debug|Any CPU
		{06D7033C-A82F-4765-AE7E-77C88EA4E6C3}.Debug|Any CPU.Build.0 = Debug|Any CPU
		{06D7033C-A82F-4765-AE7E-77C88EA4E6C3}.Release|Any CPU.ActiveCfg = Release|Any CPU
		{06D7033C-A82F-4765-AE7E-77C88EA4E6C3}.Release|Any CPU.Build.0 = Release|Any CPU
		{C00BB5C3-2043-4AA8-95C7-652CAC65237A}.Debug|Any CPU.ActiveCfg = Debug|Any CPU
		{C00BB5C3-2043-4AA8-95C7-652CAC65237A}.Debug|Any CPU.Build.0 = Debug|Any CPU
		{C00BB5C3-2043-4AA8-95C7-652CAC65237A}.Release|Any CPU.ActiveCfg = Release|Any CPU
		{C00BB5C3-2043-4AA8-95C7-652CAC65237A}.Release|Any CPU.Build.0 = Release|Any CPU
		{ACA11562-CF7E-4C47-99B7-7EA8BB8DE858}.Debug|Any CPU.ActiveCfg = Debug|Any CPU
		{ACA11562-CF7E-4C47-99B7-7EA8BB8DE858}.Debug|Any CPU.Build.0 = Debug|Any CPU
		{ACA11562-CF7E-4C47-99B7-7EA8BB8DE858}.Release|Any CPU.ActiveCfg = Release|Any CPU
		{ACA11562-CF7E-4C47-99B7-7EA8BB8DE858}.Release|Any CPU.Build.0 = Release|Any CPU
		{3242E383-2543-4925-9B7B-27CBBBDE9471}.Debug|Any CPU.ActiveCfg = Debug|Any CPU
		{3242E383-2543-4925-9B7B-27CBBBDE9471}.Debug|Any CPU.Build.0 = Debug|Any CPU
		{3242E383-2543-4925-9B7B-27CBBBDE9471}.Release|Any CPU.ActiveCfg = Release|Any CPU
		{3242E383-2543-4925-9B7B-27CBBBDE9471}.Release|Any CPU.Build.0 = Release|Any CPU
		{8E50EB4F-06B4-4436-8265-BE461828FDB1}.Debug|Any CPU.ActiveCfg = Debug|Any CPU
		{8E50EB4F-06B4-4436-8265-BE461828FDB1}.Debug|Any CPU.Build.0 = Debug|Any CPU
		{8E50EB4F-06B4-4436-8265-BE461828FDB1}.Release|Any CPU.ActiveCfg = Release|Any CPU
		{8E50EB4F-06B4-4436-8265-BE461828FDB1}.Release|Any CPU.Build.0 = Release|Any CPU
		{E4CFC188-DC2E-45E4-8AB5-73D36E170C83}.Debug|Any CPU.ActiveCfg = Debug|Any CPU
		{E4CFC188-DC2E-45E4-8AB5-73D36E170C83}.Debug|Any CPU.Build.0 = Debug|Any CPU
		{E4CFC188-DC2E-45E4-8AB5-73D36E170C83}.Release|Any CPU.ActiveCfg = Release|Any CPU
		{E4CFC188-DC2E-45E4-8AB5-73D36E170C83}.Release|Any CPU.Build.0 = Release|Any CPU
		{2DBD4523-C1F5-4699-A5EE-B8CA25EAB844}.Debug|Any CPU.ActiveCfg = Debug|Any CPU
		{2DBD4523-C1F5-4699-A5EE-B8CA25EAB844}.Debug|Any CPU.Build.0 = Debug|Any CPU
		{2DBD4523-C1F5-4699-A5EE-B8CA25EAB844}.Release|Any CPU.ActiveCfg = Release|Any CPU
		{2DBD4523-C1F5-4699-A5EE-B8CA25EAB844}.Release|Any CPU.Build.0 = Release|Any CPU
		{2BF65484-23D8-490C-AC77-B32D2305DAA2}.Debug|Any CPU.ActiveCfg = Debug|Any CPU
		{2BF65484-23D8-490C-AC77-B32D2305DAA2}.Debug|Any CPU.Build.0 = Debug|Any CPU
		{2BF65484-23D8-490C-AC77-B32D2305DAA2}.Release|Any CPU.ActiveCfg = Release|Any CPU
		{2BF65484-23D8-490C-AC77-B32D2305DAA2}.Release|Any CPU.Build.0 = Release|Any CPU
		{0A9FA192-7B01-4A2D-9D19-E958CCE219E7}.Debug|Any CPU.ActiveCfg = Debug|Any CPU
		{0A9FA192-7B01-4A2D-9D19-E958CCE219E7}.Debug|Any CPU.Build.0 = Debug|Any CPU
		{0A9FA192-7B01-4A2D-9D19-E958CCE219E7}.Release|Any CPU.ActiveCfg = Release|Any CPU
		{0A9FA192-7B01-4A2D-9D19-E958CCE219E7}.Release|Any CPU.Build.0 = Release|Any CPU
	EndGlobalSection
	GlobalSection(NestedProjects) = preSolution
		{ACA11562-CF7E-4C47-99B7-7EA8BB8DE858} = {886CBFCD-2240-4992-ACE4-14DE9FE514B1}
		{3242E383-2543-4925-9B7B-27CBBBDE9471} = {886CBFCD-2240-4992-ACE4-14DE9FE514B1}
		{8E50EB4F-06B4-4436-8265-BE461828FDB1} = {886CBFCD-2240-4992-ACE4-14DE9FE514B1}
		{E4CFC188-DC2E-45E4-8AB5-73D36E170C83} = {CFB558AF-A9D8-4435-BE92-3A56579E3D10}
		{2DBD4523-C1F5-4699-A5EE-B8CA25EAB844} = {CFB558AF-A9D8-4435-BE92-3A56579E3D10}
		{2BF65484-23D8-490C-AC77-B32D2305DAA2} = {CFB558AF-A9D8-4435-BE92-3A56579E3D10}
	EndGlobalSection
EndGlobal
